
Microsoft Visual Studio Solution File, Format Version 12.00
# Visual Studio 15
VisualStudioVersion = 15.0.28010.2036
MinimumVisualStudioVersion = 10.0.40219.1
Project("{8BC9CEB8-8B4A-11D0-8D11-00A0C91BC942}") = "wordlist", "wordlist.vcxproj", "{97C93681-19C3-46B5-B8C4-453941E7A0BE}"
EndProject
Global
	GlobalSection(SolutionConfigurationPlatforms) = preSolution
		Debug|x64 = Debug|x64
		Debug|x86 = Debug|x86
		Release|x64 = Release|x64
		Release|x86 = Release|x86
	EndGlobalSection
	GlobalSection(ProjectConfigurationPlatforms) = postSolution
		{97C93681-19C3-46B5-B8C4-453941E7A0BE}.Debug|x64.ActiveCfg = Debug|x64
		{97C93681-19C3-46B5-B8C4-453941E7A0BE}.Debug|x64.Build.0 = Debug|x64
		{97C93681-19C3-46B5-B8C4-453941E7A0BE}.Debug|x86.ActiveCfg = Debug|Win32
		{97C93681-19C3-46B5-B8C4-453941E7A0BE}.Debug|x86.Build.0 = Debug|Win32
		{97C93681-19C3-46B5-B8C4-453941E7A0BE}.Release|x64.ActiveCfg = Release|x64
		{97C93681-19C3-46B5-B8C4-453941E7A0BE}.Release|x64.Build.0 = Release|x64
		{97C93681-19C3-46B5-B8C4-453941E7A0BE}.Release|x86.ActiveCfg = Release|Win32
		{97C93681-19C3-46B5-B8C4-453941E7A0BE}.Release|x86.Build.0 = Release|Win32
	EndGlobalSection
	GlobalSection(SolutionProperties) = preSolution
		HideSolutionNode = FALSE
	EndGlobalSection
	GlobalSection(ExtensibilityGlobals) = postSolution
		SolutionGuid = {9595670D-695F-4E45-92D5-37FF13AED4D4}
	EndGlobalSection
EndGlobal
